
Microsoft Visual Studio Solution File, Format Version 11.00
# Visual Studio 2010
Project("{FAE04EC0-301F-11D3-BF4B-00C04F79EFBC}") = "Assembly-CSharp", "Assembly-CSharp.csproj", "{5e13d8a7-1b2b-f1f1-535b-e60fcedaf80f}"
EndProject
Project("{FAE04EC0-301F-11D3-BF4B-00C04F79EFBC}") = "Sirenix.OdinInspector.CompatibilityLayer", "Sirenix.OdinInspector.CompatibilityLayer.csproj", "{41b207c8-8a3b-f03d-f3c7-a2b690503164}"
EndProject
Project("{FAE04EC0-301F-11D3-BF4B-00C04F79EFBC}") = "Assembly-CSharp-firstpass", "Assembly-CSharp-firstpass.csproj", "{00391d7d-2d44-5a2d-ae69-acef443e2f0e}"
EndProject
Project("{FAE04EC0-301F-11D3-BF4B-00C04F79EFBC}") = "Sirenix.OdinInspector.CompatibilityLayer.Editor", "Sirenix.OdinInspector.CompatibilityLayer.Editor.csproj", "{7f0c9eea-f903-5926-5dbc-45d97198aac1}"
EndProject
Project("{FAE04EC0-301F-11D3-BF4B-00C04F79EFBC}") = "Sirenix.OdinValidator", "Sirenix.OdinValidator.csproj", "{cc778798-682b-720d-0231-358446f9dd73}"
EndProject
Project("{FAE04EC0-301F-11D3-BF4B-00C04F79EFBC}") = "Sirenix.OdinInspector.Modules.UnityMathematics", "Sirenix.OdinInspector.Modules.UnityMathematics.csproj", "{483662be-2ccc-fc8c-289b-ef11ad715045}"
EndProject
Project("{FAE04EC0-301F-11D3-BF4B-00C04F79EFBC}") = "Assembly-CSharp-Editor", "Assembly-CSharp-Editor.csproj", "{c2060996-6867-538c-d2fc-25fc1f1148e3}"
EndProject
Global
	GlobalSection(SolutionConfigurationPlatforms) = preSolution
		Debug|Any CPU = Debug|Any CPU
	EndGlobalSection
	GlobalSection(ProjectConfigurationPlatforms) = postSolution
		{5e13d8a7-1b2b-f1f1-535b-e60fcedaf80f}.Debug|Any CPU.ActiveCfg = Debug|Any CPU
		{5e13d8a7-1b2b-f1f1-535b-e60fcedaf80f}.Debug|Any CPU.Build.0 = Debug|Any CPU
		{41b207c8-8a3b-f03d-f3c7-a2b690503164}.Debug|Any CPU.ActiveCfg = Debug|Any CPU
		{41b207c8-8a3b-f03d-f3c7-a2b690503164}.Debug|Any CPU.Build.0 = Debug|Any CPU
		{00391d7d-2d44-5a2d-ae69-acef443e2f0e}.Debug|Any CPU.ActiveCfg = Debug|Any CPU
		{00391d7d-2d44-5a2d-ae69-acef443e2f0e}.Debug|Any CPU.Build.0 = Debug|Any CPU
		{7f0c9eea-f903-5926-5dbc-45d97198aac1}.Debug|Any CPU.ActiveCfg = Debug|Any CPU
		{7f0c9eea-f903-5926-5dbc-45d97198aac1}.Debug|Any CPU.Build.0 = Debug|Any CPU
		{cc778798-682b-720d-0231-358446f9dd73}.Debug|Any CPU.ActiveCfg = Debug|Any CPU
		{cc778798-682b-720d-0231-358446f9dd73}.Debug|Any CPU.Build.0 = Debug|Any CPU
		{483662be-2ccc-fc8c-289b-ef11ad715045}.Debug|Any CPU.ActiveCfg = Debug|Any CPU
		{483662be-2ccc-fc8c-289b-ef11ad715045}.Debug|Any CPU.Build.0 = Debug|Any CPU
		{c2060996-6867-538c-d2fc-25fc1f1148e3}.Debug|Any CPU.ActiveCfg = Debug|Any CPU
		{c2060996-6867-538c-d2fc-25fc1f1148e3}.Debug|Any CPU.Build.0 = Debug|Any CPU
	EndGlobalSection
	GlobalSection(SolutionProperties) = preSolution
		HideSolutionNode = FALSE
	EndGlobalSection
EndGlobal
